
Microsoft Visual Studio Solution File, Format Version 12.00
# Visual Studio Version 17
VisualStudioVersion = 17.6.33723.286
MinimumVisualStudioVersion = 10.0.40219.1
Project("{9A19103F-16F7-4668-BE54-9A1E7A4F7556}") = "BlazorCRUD", "BlazorCRUD\BlazorCRUD.csproj", "{869AED4D-5E5D-4E9C-B845-FF5D5DBBA9BD}"
EndProject
Project("{9A19103F-16F7-4668-BE54-9A1E7A4F7556}") = "BlazorCrud.Shared", "BlazorCrud.Shared\BlazorCrud.Shared.csproj", "{56CDCA27-8F4A-4A06-AF5D-1B3548BCAF76}"
EndProject
Project("{9A19103F-16F7-4668-BE54-9A1E7A4F7556}") = "BlazorCrud.Client", "BlazorCrud.Client\BlazorCrud.Client.csproj", "{726B43F6-EFBC-4926-995D-63D5B34D80A9}"
EndProject
Global
	GlobalSection(SolutionConfigurationPlatforms) = preSolution
		Debug|Any CPU = Debug|Any CPU
		Release|Any CPU = Release|Any CPU
	EndGlobalSection
	GlobalSection(ProjectConfigurationPlatforms) = postSolution
		{869AED4D-5E5D-4E9C-B845-FF5D5DBBA9BD}.Debug|Any CPU.ActiveCfg = Debug|Any CPU
		{869AED4D-5E5D-4E9C-B845-FF5D5DBBA9BD}.Debug|Any CPU.Build.0 = Debug|Any CPU
		{869AED4D-5E5D-4E9C-B845-FF5D5DBBA9BD}.Release|Any CPU.ActiveCfg = Release|Any CPU
		{869AED4D-5E5D-4E9C-B845-FF5D5DBBA9BD}.Release|Any CPU.Build.0 = Release|Any CPU
		{56CDCA27-8F4A-4A06-AF5D-1B3548BCAF76}.Debug|Any CPU.ActiveCfg = Debug|Any CPU
		{56CDCA27-8F4A-4A06-AF5D-1B3548BCAF76}.Debug|Any CPU.Build.0 = Debug|Any CPU
		{56CDCA27-8F4A-4A06-AF5D-1B3548BCAF76}.Release|Any CPU.ActiveCfg = Release|Any CPU
		{56CDCA27-8F4A-4A06-AF5D-1B3548BCAF76}.Release|Any CPU.Build.0 = Release|Any CPU
		{726B43F6-EFBC-4926-995D-63D5B34D80A9}.Debug|Any CPU.ActiveCfg = Debug|Any CPU
		{726B43F6-EFBC-4926-995D-63D5B34D80A9}.Debug|Any CPU.Build.0 = Debug|Any CPU
		{726B43F6-EFBC-4926-995D-63D5B34D80A9}.Release|Any CPU.ActiveCfg = Release|Any CPU
		{726B43F6-EFBC-4926-995D-63D5B34D80A9}.Release|Any CPU.Build.0 = Release|Any CPU
	EndGlobalSection
	GlobalSection(SolutionProperties) = preSolution
		HideSolutionNode = FALSE
	EndGlobalSection
	GlobalSection(ExtensibilityGlobals) = postSolution
		SolutionGuid = {E061AE76-B3DD-409F-B0F7-200498FA4C2B}
	EndGlobalSection
EndGlobal
